
Microsoft Visual Studio Solution File, Format Version 12.00
# Visual Studio Version 17
VisualStudioVersion = 17.9.34728.123
MinimumVisualStudioVersion = 10.0.40219.1
Project("{FAE04EC0-301F-11D3-BF4B-00C04F79EFBC}") = "ApiExample", "ApiExample.csproj", "{180E0C2E-A282-4E4F-83A6-050FA7AA43B9}"
EndProject
Global
	GlobalSection(SolutionConfigurationPlatforms) = preSolution
		Debug|Any CPU = Debug|Any CPU
		Release|Any CPU = Release|Any CPU
	EndGlobalSection
	GlobalSection(ProjectConfigurationPlatforms) = postSolution
		{180E0C2E-A282-4E4F-83A6-050FA7AA43B9}.Debug|Any CPU.ActiveCfg = Debug|Any CPU
		{180E0C2E-A282-4E4F-83A6-050FA7AA43B9}.Debug|Any CPU.Build.0 = Debug|Any CPU
		{180E0C2E-A282-4E4F-83A6-050FA7AA43B9}.Release|Any CPU.ActiveCfg = Release|Any CPU
		{180E0C2E-A282-4E4F-83A6-050FA7AA43B9}.Release|Any CPU.Build.0 = Release|Any CPU
	EndGlobalSection
	GlobalSection(SolutionProperties) = preSolution
		HideSolutionNode = FALSE
	EndGlobalSection
	GlobalSection(ExtensibilityGlobals) = postSolution
		SolutionGuid = {5DA5FE83-3EC8-4D53-95D2-C5C1E1D4CFEA}
	EndGlobalSection
EndGlobal
